
Microsoft Visual Studio Solution File, Format Version 12.00
# Visual Studio 15
VisualStudioVersion = 15.0.27703.2035
MinimumVisualStudioVersion = 10.0.40219.1
Project("{059D6162-CD51-11D0-AE1F-00A0C90FFFC3}") = "audioprobe", "audioprobe.dsp", "{1BFA5367-D1BA-4C6E-8DD2-E681C87294FC}"
EndProject
Project("{8BC9CEB8-8B4A-11D0-8D11-00A0C91BC942}") = "bethree", "bethree.vcxproj", "{9F3F31E9-9DF1-4D99-9D13-5572FE4BD295}"
EndProject
Project("{8BC9CEB8-8B4A-11D0-8D11-00A0C91BC942}") = "controlbee", "controlbee.vcxproj", "{DFAF5385-4876-4268-9541-8ECEF9384EBF}"
EndProject
Project("{8BC9CEB8-8B4A-11D0-8D11-00A0C91BC942}") = "crtsine", "crtsine.vcxproj", "{0269AC67-B7F8-453C-A3BE-6CA1519D856F}"
EndProject
Project("{059D6162-CD51-11D0-AE1F-00A0C90FFFC3}") = "duplex", "duplex.dsp", "{01D38533-7E4A-4F36-9D09-874BD05CAE1F}"
EndProject
Project("{8BC9CEB8-8B4A-11D0-8D11-00A0C91BC942}") = "foursine", "foursine.vcxproj", "{0B47A5F0-1E67-48B8-B676-16B8B9233503}"
EndProject
Project("{8BC9CEB8-8B4A-11D0-8D11-00A0C91BC942}") = "grains", "grains.vcxproj", "{8D6DC482-A41E-43B5-AE93-3F61C521D099}"
EndProject
Project("{8BC9CEB8-8B4A-11D0-8D11-00A0C91BC942}") = "inetIn", "inetIn.vcxproj", "{12FFD920-7CC2-4DB6-9232-45F4DD271BD3}"
EndProject
Project("{8BC9CEB8-8B4A-11D0-8D11-00A0C91BC942}") = "inetOut", "inetOut.vcxproj", "{C24D72C4-FEB5-48A2-B66A-D6DE681A4BA9}"
EndProject
Project("{8BC9CEB8-8B4A-11D0-8D11-00A0C91BC942}") = "midiprobe", "midiprobe.vcxproj", "{0283A0B4-56AB-42E6-A387-D2E0FFC9F155}"
EndProject
Project("{8BC9CEB8-8B4A-11D0-8D11-00A0C91BC942}") = "play", "play.vcxproj", "{ABE3B3F7-DFAB-4EC5-84E4-4BC509722067}"
EndProject
Project("{8BC9CEB8-8B4A-11D0-8D11-00A0C91BC942}") = "playsmf", "playsmf.vcxproj", "{1A95BD25-6B0F-4217-B0AF-F2201A5A973A}"
EndProject
Project("{8BC9CEB8-8B4A-11D0-8D11-00A0C91BC942}") = "record", "record.vcxproj", "{AD2CC8F9-0B57-49B5-B05E-48814CF68839}"
EndProject
Project("{8BC9CEB8-8B4A-11D0-8D11-00A0C91BC942}") = "rtsine", "rtsine.vcxproj", "{923F04AE-52BC-49E8-9BB3-A7200C848BE2}"
EndProject
Project("{8BC9CEB8-8B4A-11D0-8D11-00A0C91BC942}") = "sine", "sine.vcxproj", "{C3096615-1110-4E27-A9B8-276473E68E2F}"
EndProject
Project("{8BC9CEB8-8B4A-11D0-8D11-00A0C91BC942}") = "sineosc", "sineosc.vcxproj", "{AD382315-5A48-42BC-82C0-BD308A4EF21A}"
EndProject
Project("{8BC9CEB8-8B4A-11D0-8D11-00A0C91BC942}") = "threebees", "threebees.vcxproj", "{101F02E6-ED68-4872-8DA2-0333F0D7923F}"
EndProject
Project("{8BC9CEB8-8B4A-11D0-8D11-00A0C91BC942}") = "CAPI", "..\CAPI\CAPI.vcxproj", "{CA6B8E64-C41E-4E9F-8DB6-7F86C6BF1B87}"
EndProject
Global
	GlobalSection(SolutionConfigurationPlatforms) = preSolution
		Debug|x64 = Debug|x64
		Debug|x86 = Debug|x86
		Release|x64 = Release|x64
		Release|x86 = Release|x86
		Template|x64 = Template|x64
		Template|x86 = Template|x86
	EndGlobalSection
	GlobalSection(ProjectConfigurationPlatforms) = postSolution
		{9F3F31E9-9DF1-4D99-9D13-5572FE4BD295}.Debug|x64.ActiveCfg = Debug|x64
		{9F3F31E9-9DF1-4D99-9D13-5572FE4BD295}.Debug|x64.Build.0 = Debug|x64
		{9F3F31E9-9DF1-4D99-9D13-5572FE4BD295}.Debug|x86.ActiveCfg = Debug|Win32
		{9F3F31E9-9DF1-4D99-9D13-5572FE4BD295}.Debug|x86.Build.0 = Debug|Win32
		{9F3F31E9-9DF1-4D99-9D13-5572FE4BD295}.Release|x64.ActiveCfg = Release|x64
		{9F3F31E9-9DF1-4D99-9D13-5572FE4BD295}.Release|x64.Build.0 = Release|x64
		{9F3F31E9-9DF1-4D99-9D13-5572FE4BD295}.Release|x86.ActiveCfg = Release|Win32
		{9F3F31E9-9DF1-4D99-9D13-5572FE4BD295}.Release|x86.Build.0 = Release|Win32
		{9F3F31E9-9DF1-4D99-9D13-5572FE4BD295}.Template|x64.ActiveCfg = Release|x64
		{9F3F31E9-9DF1-4D99-9D13-5572FE4BD295}.Template|x64.Build.0 = Release|x64
		{9F3F31E9-9DF1-4D99-9D13-5572FE4BD295}.Template|x86.ActiveCfg = Release|Win32
		{9F3F31E9-9DF1-4D99-9D13-5572FE4BD295}.Template|x86.Build.0 = Release|Win32
		{DFAF5385-4876-4268-9541-8ECEF9384EBF}.Debug|x64.ActiveCfg = Debug|x64
		{DFAF5385-4876-4268-9541-8ECEF9384EBF}.Debug|x64.Build.0 = Debug|x64
		{DFAF5385-4876-4268-9541-8ECEF9384EBF}.Debug|x86.ActiveCfg = Debug|Win32
		{DFAF5385-4876-4268-9541-8ECEF9384EBF}.Debug|x86.Build.0 = Debug|Win32
		{DFAF5385-4876-4268-9541-8ECEF9384EBF}.Release|x64.ActiveCfg = Release|x64
		{DFAF5385-4876-4268-9541-8ECEF9384EBF}.Release|x64.Build.0 = Release|x64
		{DFAF5385-4876-4268-9541-8ECEF9384EBF}.Release|x86.ActiveCfg = Release|Win32
		{DFAF5385-4876-4268-9541-8ECEF9384EBF}.Release|x86.Build.0 = Release|Win32
		{DFAF5385-4876-4268-9541-8ECEF9384EBF}.Template|x64.ActiveCfg = Template|x64
		{DFAF5385-4876-4268-9541-8ECEF9384EBF}.Template|x64.Build.0 = Template|x64
		{DFAF5385-4876-4268-9541-8ECEF9384EBF}.Template|x86.ActiveCfg = Template|Win32
		{DFAF5385-4876-4268-9541-8ECEF9384EBF}.Template|x86.Build.0 = Template|Win32
		{0269AC67-B7F8-453C-A3BE-6CA1519D856F}.Debug|x64.ActiveCfg = Debug|x64
		{0269AC67-B7F8-453C-A3BE-6CA1519D856F}.Debug|x64.Build.0 = Debug|x64
		{0269AC67-B7F8-453C-A3BE-6CA1519D856F}.Debug|x86.ActiveCfg = Debug|Win32
		{0269AC67-B7F8-453C-A3BE-6CA1519D856F}.Debug|x86.Build.0 = Debug|Win32
		{0269AC67-B7F8-453C-A3BE-6CA1519D856F}.Release|x64.ActiveCfg = Release|x64
		{0269AC67-B7F8-453C-A3BE-6CA1519D856F}.Release|x64.Build.0 = Release|x64
		{0269AC67-B7F8-453C-A3BE-6CA1519D856F}.Release|x86.ActiveCfg = Release|Win32
		{0269AC67-B7F8-453C-A3BE-6CA1519D856F}.Release|x86.Build.0 = Release|Win32
		{0269AC67-B7F8-453C-A3BE-6CA1519D856F}.Template|x64.ActiveCfg = Template|x64
		{0269AC67-B7F8-453C-A3BE-6CA1519D856F}.Template|x64.Build.0 = Template|x64
		{0269AC67-B7F8-453C-A3BE-6CA1519D856F}.Template|x86.ActiveCfg = Template|Win32
		{0269AC67-B7F8-453C-A3BE-6CA1519D856F}.Template|x86.Build.0 = Template|Win32
		{0B47A5F0-1E67-48B8-B676-16B8B9233503}.Debug|x64.ActiveCfg = Debug|x64
		{0B47A5F0-1E67-48B8-B676-16B8B9233503}.Debug|x64.Build.0 = Debug|x64
		{0B47A5F0-1E67-48B8-B676-16B8B9233503}.Debug|x86.ActiveCfg = Debug|Win32
		{0B47A5F0-1E67-48B8-B676-16B8B9233503}.Debug|x86.Build.0 = Debug|Win32
		{0B47A5F0-1E67-48B8-B676-16B8B9233503}.Release|x64.ActiveCfg = Release|x64
		{0B47A5F0-1E67-48B8-B676-16B8B9233503}.Release|x64.Build.0 = Release|x64
		{0B47A5F0-1E67-48B8-B676-16B8B9233503}.Release|x86.ActiveCfg = Release|Win32
		{0B47A5F0-1E67-48B8-B676-16B8B9233503}.Release|x86.Build.0 = Release|Win32
		{0B47A5F0-1E67-48B8-B676-16B8B9233503}.Template|x64.ActiveCfg = Template|x64
		{0B47A5F0-1E67-48B8-B676-16B8B9233503}.Template|x64.Build.0 = Template|x64
		{0B47A5F0-1E67-48B8-B676-16B8B9233503}.Template|x86.ActiveCfg = Template|Win32
		{0B47A5F0-1E67-48B8-B676-16B8B9233503}.Template|x86.Build.0 = Template|Win32
		{8D6DC482-A41E-43B5-AE93-3F61C521D099}.Debug|x64.ActiveCfg = Debug|x64
		{8D6DC482-A41E-43B5-AE93-3F61C521D099}.Debug|x64.Build.0 = Debug|x64
		{8D6DC482-A41E-43B5-AE93-3F61C521D099}.Debug|x86.ActiveCfg = Debug|Win32
		{8D6DC482-A41E-43B5-AE93-3F61C521D099}.Debug|x86.Build.0 = Debug|Win32
		{8D6DC482-A41E-43B5-AE93-3F61C521D099}.Release|x64.ActiveCfg = Release|x64
		{8D6DC482-A41E-43B5-AE93-3F61C521D099}.Release|x64.Build.0 = Release|x64
		{8D6DC482-A41E-43B5-AE93-3F61C521D099}.Release|x86.ActiveCfg = Release|Win32
		{8D6DC482-A41E-43B5-AE93-3F61C521D099}.Release|x86.Build.0 = Release|Win32
		{8D6DC482-A41E-43B5-AE93-3F61C521D099}.Template|x64.ActiveCfg = Template|x64
		{8D6DC482-A41E-43B5-AE93-3F61C521D099}.Template|x64.Build.0 = Template|x64
		{8D6DC482-A41E-43B5-AE93-3F61C521D099}.Template|x86.ActiveCfg = Template|Win32
		{8D6DC482-A41E-43B5-AE93-3F61C521D099}.Template|x86.Build.0 = Template|Win32
		{12FFD920-7CC2-4DB6-9232-45F4DD271BD3}.Debug|x64.ActiveCfg = Debug|x64
		{12FFD920-7CC2-4DB6-9232-45F4DD271BD3}.Debug|x64.Build.0 = Debug|x64
		{12FFD920-7CC2-4DB6-9232-45F4DD271BD3}.Debug|x86.ActiveCfg = Debug|Win32
		{12FFD920-7CC2-4DB6-9232-45F4DD271BD3}.Debug|x86.Build.0 = Debug|Win32
		{12FFD920-7CC2-4DB6-9232-45F4DD271BD3}.Release|x64.ActiveCfg = Release|x64
		{12FFD920-7CC2-4DB6-9232-45F4DD271BD3}.Release|x64.Build.0 = Release|x64
		{12FFD920-7CC2-4DB6-9232-45F4DD271BD3}.Release|x86.ActiveCfg = Release|Win32
		{12FFD920-7CC2-4DB6-9232-45F4DD271BD3}.Release|x86.Build.0 = Release|Win32
		{12FFD920-7CC2-4DB6-9232-45F4DD271BD3}.Template|x64.ActiveCfg = Template|x64
		{12FFD920-7CC2-4DB6-9232-45F4DD271BD3}.Template|x64.Build.0 = Template|x64
		{12FFD920-7CC2-4DB6-9232-45F4DD271BD3}.Template|x86.ActiveCfg = Template|Win32
		{12FFD920-7CC2-4DB6-9232-45F4DD271BD3}.Template|x86.Build.0 = Template|Win32
		{C24D72C4-FEB5-48A2-B66A-D6DE681A4BA9}.Debug|x64.ActiveCfg = Debug|x64
		{C24D72C4-FEB5-48A2-B66A-D6DE681A4BA9}.Debug|x64.Build.0 = Debug|x64
		{C24D72C4-FEB5-48A2-B66A-D6DE681A4BA9}.Debug|x86.ActiveCfg = Debug|Win32
		{C24D72C4-FEB5-48A2-B66A-D6DE681A4BA9}.Debug|x86.Build.0 = Debug|Win32
		{C24D72C4-FEB5-48A2-B66A-D6DE681A4BA9}.Release|x64.ActiveCfg = Release|x64
		{C24D72C4-FEB5-48A2-B66A-D6DE681A4BA9}.Release|x64.Build.0 = Release|x64
		{C24D72C4-FEB5-48A2-B66A-D6DE681A4BA9}.Release|x86.ActiveCfg = Release|Win32
		{C24D72C4-FEB5-48A2-B66A-D6DE681A4BA9}.Release|x86.Build.0 = Release|Win32
		{C24D72C4-FEB5-48A2-B66A-D6DE681A4BA9}.Template|x64.ActiveCfg = Template|x64
		{C24D72C4-FEB5-48A2-B66A-D6DE681A4BA9}.Template|x64.Build.0 = Template|x64
		{C24D72C4-FEB5-48A2-B66A-D6DE681A4BA9}.Template|x86.ActiveCfg = Template|Win32
		{C24D72C4-FEB5-48A2-B66A-D6DE681A4BA9}.Template|x86.Build.0 = Template|Win32
		{0283A0B4-56AB-42E6-A387-D2E0FFC9F155}.Debug|x64.ActiveCfg = Debug|x64
		{0283A0B4-56AB-42E6-A387-D2E0FFC9F155}.Debug|x64.Build.0 = Debug|x64
		{0283A0B4-56AB-42E6-A387-D2E0FFC9F155}.Debug|x86.ActiveCfg = Debug|Win32
		{0283A0B4-56AB-42E6-A387-D2E0FFC9F155}.Debug|x86.Build.0 = Debug|Win32
		{0283A0B4-56AB-42E6-A387-D2E0FFC9F155}.Release|x64.ActiveCfg = Release|x64
		{0283A0B4-56AB-42E6-A387-D2E0FFC9F155}.Release|x64.Build.0 = Release|x64
		{0283A0B4-56AB-42E6-A387-D2E0FFC9F155}.Release|x86.ActiveCfg = Release|Win32
		{0283A0B4-56AB-42E6-A387-D2E0FFC9F155}.Release|x86.Build.0 = Release|Win32
		{0283A0B4-56AB-42E6-A387-D2E0FFC9F155}.Template|x64.ActiveCfg = Template|x64
		{0283A0B4-56AB-42E6-A387-D2E0FFC9F155}.Template|x64.Build.0 = Template|x64
		{0283A0B4-56AB-42E6-A387-D2E0FFC9F155}.Template|x86.ActiveCfg = Template|Win32
		{0283A0B4-56AB-42E6-A387-D2E0FFC9F155}.Template|x86.Build.0 = Template|Win32
		{ABE3B3F7-DFAB-4EC5-84E4-4BC509722067}.Debug|x64.ActiveCfg = Debug|x64
		{ABE3B3F7-DFAB-4EC5-84E4-4BC509722067}.Debug|x64.Build.0 = Debug|x64
		{ABE3B3F7-DFAB-4EC5-84E4-4BC509722067}.Debug|x86.ActiveCfg = Debug|Win32
		{ABE3B3F7-DFAB-4EC5-84E4-4BC509722067}.Debug|x86.Build.0 = Debug|Win32
		{ABE3B3F7-DFAB-4EC5-84E4-4BC509722067}.Release|x64.ActiveCfg = Release|x64
		{ABE3B3F7-DFAB-4EC5-84E4-4BC509722067}.Release|x64.Build.0 = Release|x64
		{ABE3B3F7-DFAB-4EC5-84E4-4BC509722067}.Release|x86.ActiveCfg = Release|Win32
		{ABE3B3F7-DFAB-4EC5-84E4-4BC509722067}.Release|x86.Build.0 = Release|Win32
		{ABE3B3F7-DFAB-4EC5-84E4-4BC509722067}.Template|x64.ActiveCfg = Template|x64
		{ABE3B3F7-DFAB-4EC5-84E4-4BC509722067}.Template|x64.Build.0 = Template|x64
		{ABE3B3F7-DFAB-4EC5-84E4-4BC509722067}.Template|x86.ActiveCfg = Template|Win32
		{ABE3B3F7-DFAB-4EC5-84E4-4BC509722067}.Template|x86.Build.0 = Template|Win32
		{1A95BD25-6B0F-4217-B0AF-F2201A5A973A}.Debug|x64.ActiveCfg = Debug|x64
		{1A95BD25-6B0F-4217-B0AF-F2201A5A973A}.Debug|x64.Build.0 = Debug|x64
		{1A95BD25-6B0F-4217-B0AF-F2201A5A973A}.Debug|x86.ActiveCfg = Debug|Win32
		{1A95BD25-6B0F-4217-B0AF-F2201A5A973A}.Debug|x86.Build.0 = Debug|Win32
		{1A95BD25-6B0F-4217-B0AF-F2201A5A973A}.Release|x64.ActiveCfg = Release|x64
		{1A95BD25-6B0F-4217-B0AF-F2201A5A973A}.Release|x64.Build.0 = Release|x64
		{1A95BD25-6B0F-4217-B0AF-F2201A5A973A}.Release|x86.ActiveCfg = Release|Win32
		{1A95BD25-6B0F-4217-B0AF-F2201A5A973A}.Release|x86.Build.0 = Release|Win32
		{1A95BD25-6B0F-4217-B0AF-F2201A5A973A}.Template|x64.ActiveCfg = Template|x64
		{1A95BD25-6B0F-4217-B0AF-F2201A5A973A}.Template|x64.Build.0 = Template|x64
		{1A95BD25-6B0F-4217-B0AF-F2201A5A973A}.Template|x86.ActiveCfg = Template|Win32
		{1A95BD25-6B0F-4217-B0AF-F2201A5A973A}.Template|x86.Build.0 = Template|Win32
		{AD2CC8F9-0B57-49B5-B05E-48814CF68839}.Debug|x64.ActiveCfg = Debug|x64
		{AD2CC8F9-0B57-49B5-B05E-48814CF68839}.Debug|x64.Build.0 = Debug|x64
		{AD2CC8F9-0B57-49B5-B05E-48814CF68839}.Debug|x86.ActiveCfg = Debug|Win32
		{AD2CC8F9-0B57-49B5-B05E-48814CF68839}.Debug|x86.Build.0 = Debug|Win32
		{AD2CC8F9-0B57-49B5-B05E-48814CF68839}.Release|x64.ActiveCfg = Release|x64
		{AD2CC8F9-0B57-49B5-B05E-48814CF68839}.Release|x64.Build.0 = Release|x64
		{AD2CC8F9-0B57-49B5-B05E-48814CF68839}.Release|x86.ActiveCfg = Release|Win32
		{AD2CC8F9-0B57-49B5-B05E-48814CF68839}.Release|x86.Build.0 = Release|Win32
		{AD2CC8F9-0B57-49B5-B05E-48814CF68839}.Template|x64.ActiveCfg = Template|x64
		{AD2CC8F9-0B57-49B5-B05E-48814CF68839}.Template|x64.Build.0 = Template|x64
		{AD2CC8F9-0B57-49B5-B05E-48814CF68839}.Template|x86.ActiveCfg = Template|Win32
		{AD2CC8F9-0B57-49B5-B05E-48814CF68839}.Template|x86.Build.0 = Template|Win32
		{923F04AE-52BC-49E8-9BB3-A7200C848BE2}.Debug|x64.ActiveCfg = Debug|x64
		{923F04AE-52BC-49E8-9BB3-A7200C848BE2}.Debug|x64.Build.0 = Debug|x64
		{923F04AE-52BC-49E8-9BB3-A7200C848BE2}.Debug|x86.ActiveCfg = Debug|Win32
		{923F04AE-52BC-49E8-9BB3-A7200C848BE2}.Debug|x86.Build.0 = Debug|Win32
		{923F04AE-52BC-49E8-9BB3-A7200C848BE2}.Release|x64.ActiveCfg = Release|x64
		{923F04AE-52BC-49E8-9BB3-A7200C848BE2}.Release|x64.Build.0 = Release|x64
		{923F04AE-52BC-49E8-9BB3-A7200C848BE2}.Release|x86.ActiveCfg = Release|Win32
		{923F04AE-52BC-49E8-9BB3-A7200C848BE2}.Release|x86.Build.0 = Release|Win32
		{923F04AE-52BC-49E8-9BB3-A7200C848BE2}.Template|x64.ActiveCfg = Template|x64
		{923F04AE-52BC-49E8-9BB3-A7200C848BE2}.Template|x64.Build.0 = Template|x64
		{923F04AE-52BC-49E8-9BB3-A7200C848BE2}.Template|x86.ActiveCfg = Template|Win32
		{923F04AE-52BC-49E8-9BB3-A7200C848BE2}.Template|x86.Build.0 = Template|Win32
		{C3096615-1110-4E27-A9B8-276473E68E2F}.Debug|x64.ActiveCfg = Debug|x64
		{C3096615-1110-4E27-A9B8-276473E68E2F}.Debug|x64.Build.0 = Debug|x64
		{C3096615-1110-4E27-A9B8-276473E68E2F}.Debug|x86.ActiveCfg = Debug|Win32
		{C3096615-1110-4E27-A9B8-276473E68E2F}.Debug|x86.Build.0 = Debug|Win32
		{C3096615-1110-4E27-A9B8-276473E68E2F}.Release|x64.ActiveCfg = Release|x64
		{C3096615-1110-4E27-A9B8-276473E68E2F}.Release|x64.Build.0 = Release|x64
		{C3096615-1110-4E27-A9B8-276473E68E2F}.Release|x86.ActiveCfg = Release|Win32
		{C3096615-1110-4E27-A9B8-276473E68E2F}.Release|x86.Build.0 = Release|Win32
		{C3096615-1110-4E27-A9B8-276473E68E2F}.Template|x64.ActiveCfg = Template|x64
		{C3096615-1110-4E27-A9B8-276473E68E2F}.Template|x64.Build.0 = Template|x64
		{C3096615-1110-4E27-A9B8-276473E68E2F}.Template|x86.ActiveCfg = Template|Win32
		{C3096615-1110-4E27-A9B8-276473E68E2F}.Template|x86.Build.0 = Template|Win32
		{AD382315-5A48-42BC-82C0-BD308A4EF21A}.Debug|x64.ActiveCfg = Debug|x64
		{AD382315-5A48-42BC-82C0-BD308A4EF21A}.Debug|x64.Build.0 = Debug|x64
		{AD382315-5A48-42BC-82C0-BD308A4EF21A}.Debug|x86.ActiveCfg = Debug|Win32
		{AD382315-5A48-42BC-82C0-BD308A4EF21A}.Debug|x86.Build.0 = Debug|Win32
		{AD382315-5A48-42BC-82C0-BD308A4EF21A}.Release|x64.ActiveCfg = Release|x64
		{AD382315-5A48-42BC-82C0-BD308A4EF21A}.Release|x64.Build.0 = Release|x64
		{AD382315-5A48-42BC-82C0-BD308A4EF21A}.Release|x86.ActiveCfg = Release|Win32
		{AD382315-5A48-42BC-82C0-BD308A4EF21A}.Release|x86.Build.0 = Release|Win32
		{AD382315-5A48-42BC-82C0-BD308A4EF21A}.Template|x64.ActiveCfg = Template|x64
		{AD382315-5A48-42BC-82C0-BD308A4EF21A}.Template|x64.Build.0 = Template|x64
		{AD382315-5A48-42BC-82C0-BD308A4EF21A}.Template|x86.ActiveCfg = Template|Win32
		{AD382315-5A48-42BC-82C0-BD308A4EF21A}.Template|x86.Build.0 = Template|Win32
		{101F02E6-ED68-4872-8DA2-0333F0D7923F}.Debug|x64.ActiveCfg = Debug|x64
		{101F02E6-ED68-4872-8DA2-0333F0D7923F}.Debug|x64.Build.0 = Debug|x64
		{101F02E6-ED68-4872-8DA2-0333F0D7923F}.Debug|x86.ActiveCfg = Debug|Win32
		{101F02E6-ED68-4872-8DA2-0333F0D7923F}.Debug|x86.Build.0 = Debug|Win32
		{101F02E6-ED68-4872-8DA2-0333F0D7923F}.Release|x64.ActiveCfg = Release|x64
		{101F02E6-ED68-4872-8DA2-0333F0D7923F}.Release|x64.Build.0 = Release|x64
		{101F02E6-ED68-4872-8DA2-0333F0D7923F}.Release|x86.ActiveCfg = Release|Win32
		{101F02E6-ED68-4872-8DA2-0333F0D7923F}.Release|x86.Build.0 = Release|Win32
		{101F02E6-ED68-4872-8DA2-0333F0D7923F}.Template|x64.ActiveCfg = Template|x64
		{101F02E6-ED68-4872-8DA2-0333F0D7923F}.Template|x64.Build.0 = Template|x64
		{101F02E6-ED68-4872-8DA2-0333F0D7923F}.Template|x86.ActiveCfg = Template|Win32
		{101F02E6-ED68-4872-8DA2-0333F0D7923F}.Template|x86.Build.0 = Template|Win32
		{CA6B8E64-C41E-4E9F-8DB6-7F86C6BF1B87}.Debug|x64.ActiveCfg = Debug|x64
		{CA6B8E64-C41E-4E9F-8DB6-7F86C6BF1B87}.Debug|x64.Build.0 = Debug|x64
		{CA6B8E64-C41E-4E9F-8DB6-7F86C6BF1B87}.Debug|x86.ActiveCfg = Debug|Win32
		{CA6B8E64-C41E-4E9F-8DB6-7F86C6BF1B87}.Debug|x86.Build.0 = Debug|Win32
		{CA6B8E64-C41E-4E9F-8DB6-7F86C6BF1B87}.Release|x64.ActiveCfg = Release|x64
		{CA6B8E64-C41E-4E9F-8DB6-7F86C6BF1B87}.Release|x64.Build.0 = Release|x64
		{CA6B8E64-C41E-4E9F-8DB6-7F86C6BF1B87}.Release|x86.ActiveCfg = Release|Win32
		{CA6B8E64-C41E-4E9F-8DB6-7F86C6BF1B87}.Release|x86.Build.0 = Release|Win32
		{CA6B8E64-C41E-4E9F-8DB6-7F86C6BF1B87}.Template|x64.ActiveCfg = Release|x64
		{CA6B8E64-C41E-4E9F-8DB6-7F86C6BF1B87}.Template|x64.Build.0 = Release|x64
		{CA6B8E64-C41E-4E9F-8DB6-7F86C6BF1B87}.Template|x86.ActiveCfg = Release|Win32
		{CA6B8E64-C41E-4E9F-8DB6-7F86C6BF1B87}.Template|x86.Build.0 = Release|Win32
	EndGlobalSection
	GlobalSection(SolutionProperties) = preSolution
		HideSolutionNode = FALSE
	EndGlobalSection
	GlobalSection(ExtensibilityGlobals) = postSolution
		SolutionGuid = {7289C3D0-42D9-41C1-935A-7927F3C1A6AF}
	EndGlobalSection
EndGlobal
